
Microsoft Visual Studio Solution File, Format Version 12.00
# Visual Studio Version 17
VisualStudioVersion = 17.6.33815.320
MinimumVisualStudioVersion = 10.0.40219.1
Project("{FAE04EC0-301F-11D3-BF4B-00C04F79EFBC}") = "WpfApp19", "WpfApp19.csproj", "{6086F4DD-59D3-458F-A4BA-FCA59161A20F}"
EndProject
Global
	GlobalSection(SolutionConfigurationPlatforms) = preSolution
		Debug|Any CPU = Debug|Any CPU
		Release|Any CPU = Release|Any CPU
	EndGlobalSection
	GlobalSection(ProjectConfigurationPlatforms) = postSolution
		{6086F4DD-59D3-458F-A4BA-FCA59161A20F}.Debug|Any CPU.ActiveCfg = Debug|Any CPU
		{6086F4DD-59D3-458F-A4BA-FCA59161A20F}.Debug|Any CPU.Build.0 = Debug|Any CPU
		{6086F4DD-59D3-458F-A4BA-FCA59161A20F}.Release|Any CPU.ActiveCfg = Release|Any CPU
		{6086F4DD-59D3-458F-A4BA-FCA59161A20F}.Release|Any CPU.Build.0 = Release|Any CPU
	EndGlobalSection
	GlobalSection(SolutionProperties) = preSolution
		HideSolutionNode = FALSE
	EndGlobalSection
	GlobalSection(ExtensibilityGlobals) = postSolution
		SolutionGuid = {5CB0A21C-701D-498D-9DE3-6688F9226BC3}
	EndGlobalSection
EndGlobal
